
Microsoft Visual Studio Solution File, Format Version 12.00
# Visual Studio Version 16
VisualStudioVersion = 16.0.30114.105
MinimumVisualStudioVersion = 10.0.40219.1
Project("{2150E333-8FDC-42A3-9474-1A3956D46DE8}") = "src", "src", "{5B9A905F-CA26-488E-BC4E-618F9B4EC458}"
EndProject
Project("{F2A71F9B-5D33-465A-A702-920D77279786}") = "Noobish", "src\Noobish\Noobish.fsproj", "{B46D3263-C472-4708-8513-91EB278F0FE2}"
EndProject
Project("{F2A71F9B-5D33-465A-A702-920D77279786}") = "Noobish.Content", "src\Noobish.Content\Noobish.Content.fsproj", "{883E031E-4A58-4415-8B83-9D1BF895B529}"
EndProject
Project("{F2A71F9B-5D33-465A-A702-920D77279786}") = "Noobish.Types", "src\Noobish.Types\Noobish.Types.fsproj", "{13AC50D2-8D14-4EAE-B90E-DA15C21086B5}"
EndProject
Project("{F2A71F9B-5D33-465A-A702-920D77279786}") = "Noobish.PipelineExtension", "src\Noobish.PipelineExtension\Noobish.PipelineExtension.fsproj", "{F31A4856-1495-480E-928A-0253A52D44BF}"
EndProject
Project("{F2A71F9B-5D33-465A-A702-920D77279786}") = "Noobish.MonoGame", "src\Noobish.MonoGame\Noobish.MonoGame.fsproj", "{17A48132-B8DC-4B06-B4A6-F3F83C48B15D}"
EndProject
Project("{F2A71F9B-5D33-465A-A702-920D77279786}") = "Noobish.MonoGame.Demo", "src\Noobish.MonoGame.Demo\Noobish.MonoGame.Demo.fsproj", "{C70A3B22-7762-452C-A83D-134A73642A2C}"
EndProject
Project("{F2A71F9B-5D33-465A-A702-920D77279786}") = "Noobish.PipelineExtension.Demo", "src\Noobish.PipelineExtension.Demo\Noobish.PipelineExtension.Demo.fsproj", "{0B940375-3F3D-408C-A596-1CDB889A3D38}"
EndProject
Project("{F2A71F9B-5D33-465A-A702-920D77279786}") = "Noobish.PipelineExtension.Test", "src\Noobish.PipelineExtension.Test\Noobish.PipelineExtension.Test.fsproj", "{779396AA-4CE6-438C-A317-A3DB171F29FB}"
EndProject
Project("{F2A71F9B-5D33-465A-A702-920D77279786}") = "Noobish.Test", "src\Noobish.Test\Noobish.Test.fsproj", "{5DC9EACF-B9FA-4493-A8BE-F68B6C6C2164}"
EndProject
Global
	GlobalSection(SolutionConfigurationPlatforms) = preSolution
		Debug|Any CPU = Debug|Any CPU
		Release|Any CPU = Release|Any CPU
	EndGlobalSection
	GlobalSection(SolutionProperties) = preSolution
		HideSolutionNode = FALSE
	EndGlobalSection
	GlobalSection(ProjectConfigurationPlatforms) = postSolution
		{B46D3263-C472-4708-8513-91EB278F0FE2}.Debug|Any CPU.ActiveCfg = Debug|Any CPU
		{B46D3263-C472-4708-8513-91EB278F0FE2}.Debug|Any CPU.Build.0 = Debug|Any CPU
		{B46D3263-C472-4708-8513-91EB278F0FE2}.Release|Any CPU.ActiveCfg = Release|Any CPU
		{B46D3263-C472-4708-8513-91EB278F0FE2}.Release|Any CPU.Build.0 = Release|Any CPU
		{883E031E-4A58-4415-8B83-9D1BF895B529}.Debug|Any CPU.ActiveCfg = Debug|Any CPU
		{883E031E-4A58-4415-8B83-9D1BF895B529}.Debug|Any CPU.Build.0 = Debug|Any CPU
		{883E031E-4A58-4415-8B83-9D1BF895B529}.Release|Any CPU.ActiveCfg = Release|Any CPU
		{883E031E-4A58-4415-8B83-9D1BF895B529}.Release|Any CPU.Build.0 = Release|Any CPU
		{13AC50D2-8D14-4EAE-B90E-DA15C21086B5}.Debug|Any CPU.ActiveCfg = Debug|Any CPU
		{13AC50D2-8D14-4EAE-B90E-DA15C21086B5}.Debug|Any CPU.Build.0 = Debug|Any CPU
		{13AC50D2-8D14-4EAE-B90E-DA15C21086B5}.Release|Any CPU.ActiveCfg = Release|Any CPU
		{13AC50D2-8D14-4EAE-B90E-DA15C21086B5}.Release|Any CPU.Build.0 = Release|Any CPU
		{F31A4856-1495-480E-928A-0253A52D44BF}.Debug|Any CPU.ActiveCfg = Debug|Any CPU
		{F31A4856-1495-480E-928A-0253A52D44BF}.Debug|Any CPU.Build.0 = Debug|Any CPU
		{F31A4856-1495-480E-928A-0253A52D44BF}.Release|Any CPU.ActiveCfg = Release|Any CPU
		{F31A4856-1495-480E-928A-0253A52D44BF}.Release|Any CPU.Build.0 = Release|Any CPU
		{17A48132-B8DC-4B06-B4A6-F3F83C48B15D}.Debug|Any CPU.ActiveCfg = Debug|Any CPU
		{17A48132-B8DC-4B06-B4A6-F3F83C48B15D}.Debug|Any CPU.Build.0 = Debug|Any CPU
		{17A48132-B8DC-4B06-B4A6-F3F83C48B15D}.Release|Any CPU.ActiveCfg = Release|Any CPU
		{17A48132-B8DC-4B06-B4A6-F3F83C48B15D}.Release|Any CPU.Build.0 = Release|Any CPU
		{C70A3B22-7762-452C-A83D-134A73642A2C}.Debug|Any CPU.ActiveCfg = Debug|Any CPU
		{C70A3B22-7762-452C-A83D-134A73642A2C}.Debug|Any CPU.Build.0 = Debug|Any CPU
		{C70A3B22-7762-452C-A83D-134A73642A2C}.Release|Any CPU.ActiveCfg = Release|Any CPU
		{C70A3B22-7762-452C-A83D-134A73642A2C}.Release|Any CPU.Build.0 = Release|Any CPU
		{0B940375-3F3D-408C-A596-1CDB889A3D38}.Debug|Any CPU.ActiveCfg = Debug|Any CPU
		{0B940375-3F3D-408C-A596-1CDB889A3D38}.Debug|Any CPU.Build.0 = Debug|Any CPU
		{0B940375-3F3D-408C-A596-1CDB889A3D38}.Release|Any CPU.ActiveCfg = Release|Any CPU
		{0B940375-3F3D-408C-A596-1CDB889A3D38}.Release|Any CPU.Build.0 = Release|Any CPU
		{779396AA-4CE6-438C-A317-A3DB171F29FB}.Debug|Any CPU.ActiveCfg = Debug|Any CPU
		{779396AA-4CE6-438C-A317-A3DB171F29FB}.Debug|Any CPU.Build.0 = Debug|Any CPU
		{779396AA-4CE6-438C-A317-A3DB171F29FB}.Release|Any CPU.ActiveCfg = Release|Any CPU
		{779396AA-4CE6-438C-A317-A3DB171F29FB}.Release|Any CPU.Build.0 = Release|Any CPU
		{5DC9EACF-B9FA-4493-A8BE-F68B6C6C2164}.Debug|Any CPU.ActiveCfg = Debug|Any CPU
		{5DC9EACF-B9FA-4493-A8BE-F68B6C6C2164}.Debug|Any CPU.Build.0 = Debug|Any CPU
		{5DC9EACF-B9FA-4493-A8BE-F68B6C6C2164}.Release|Any CPU.ActiveCfg = Release|Any CPU
		{5DC9EACF-B9FA-4493-A8BE-F68B6C6C2164}.Release|Any CPU.Build.0 = Release|Any CPU
	EndGlobalSection
	GlobalSection(NestedProjects) = preSolution
		{B46D3263-C472-4708-8513-91EB278F0FE2} = {5B9A905F-CA26-488E-BC4E-618F9B4EC458}
		{883E031E-4A58-4415-8B83-9D1BF895B529} = {5B9A905F-CA26-488E-BC4E-618F9B4EC458}
		{13AC50D2-8D14-4EAE-B90E-DA15C21086B5} = {5B9A905F-CA26-488E-BC4E-618F9B4EC458}
		{F31A4856-1495-480E-928A-0253A52D44BF} = {5B9A905F-CA26-488E-BC4E-618F9B4EC458}
		{17A48132-B8DC-4B06-B4A6-F3F83C48B15D} = {5B9A905F-CA26-488E-BC4E-618F9B4EC458}
		{C70A3B22-7762-452C-A83D-134A73642A2C} = {5B9A905F-CA26-488E-BC4E-618F9B4EC458}
		{0B940375-3F3D-408C-A596-1CDB889A3D38} = {5B9A905F-CA26-488E-BC4E-618F9B4EC458}
		{779396AA-4CE6-438C-A317-A3DB171F29FB} = {5B9A905F-CA26-488E-BC4E-618F9B4EC458}
		{5DC9EACF-B9FA-4493-A8BE-F68B6C6C2164} = {5B9A905F-CA26-488E-BC4E-618F9B4EC458}
	EndGlobalSection
EndGlobal
