
Microsoft Visual Studio Solution File, Format Version 12.00
# Visual Studio 15
VisualStudioVersion = 15.0.26124.0
MinimumVisualStudioVersion = 15.0.26124.0
Project("{2150E333-8FDC-42A3-9474-1A3956D46DE8}") = "src", "src", "{4DCE249E-1A37-4679-B1A0-7E6A9BCD373D}"
EndProject
Project("{F2A71F9B-5D33-465A-A702-920D77279786}") = "Noobish", "src\Noobish\Noobish.fsproj", "{D5332513-8F67-430B-8748-62BEE811F665}"
EndProject
Project("{F2A71F9B-5D33-465A-A702-920D77279786}") = "Noobish.MonoGame", "src\Noobish.MonoGame\Noobish.MonoGame.fsproj", "{98F9882D-B190-407A-AE10-7F95E5B71D50}"
EndProject
Project("{F2A71F9B-5D33-465A-A702-920D77279786}") = "Noobish.Test", "src\Noobish.Test\Noobish.Test.fsproj", "{9B16793E-7B28-427E-BC32-37F79D8C3319}"
EndProject
Project("{F2A71F9B-5D33-465A-A702-920D77279786}") = "Noobish.MonoGame.Demo", "src\Noobish.MonoGame.Demo\Noobish.MonoGame.Demo.fsproj", "{9A665AE3-6B82-4999-B588-A39EA12F9473}"
EndProject
Project("{F2A71F9B-5D33-465A-A702-920D77279786}") = "Noobish.TextureAtlas.MonoGame.Demo", "src\Noobish.TextureAtlas.MonoGame.Demo\Noobish.TextureAtlas.MonoGame.Demo.fsproj", "{7887E81A-8B9C-4662-8379-29298AEB0D35}"
EndProject
Project("{F2A71F9B-5D33-465A-A702-920D77279786}") = "Noobish.TextureAtlas", "src\Noobish.TextureAtlas\Noobish.TextureAtlas.fsproj", "{8D0B4430-D274-4F07-8F2B-94CCE0AE77B4}"
EndProject
Project("{F2A71F9B-5D33-465A-A702-920D77279786}") = "Noobish.TextureAtlas.PipelineExtension", "src\Noobish.TextureAtlas.PipelineExtension\Noobish.TextureAtlas.PipelineExtension.fsproj", "{53438D12-1732-43C3-8DFC-FDC59B0A58B0}"
EndProject
Project("{F2A71F9B-5D33-465A-A702-920D77279786}") = "Noobish.TextureAtlas.PipelineExtension.Test", "src\Noobish.TextureAtlas.PipelineExtension.Test\Noobish.TextureAtlas.PipelineExtension.Test.fsproj", "{31B21794-6753-4828-BC86-7E315E96DF34}"
EndProject
Project("{F2A71F9B-5D33-465A-A702-920D77279786}") = "Noobish.TextureAtlas.Test", "src\Noobish.TextureAtlas.Test\Noobish.TextureAtlas.Test.fsproj", "{55D64186-DFF6-4B8F-B172-CA677816EBFE}"
EndProject
Global
	GlobalSection(SolutionConfigurationPlatforms) = preSolution
		Debug|Any CPU = Debug|Any CPU
		Debug|x64 = Debug|x64
		Debug|x86 = Debug|x86
		Release|Any CPU = Release|Any CPU
		Release|x64 = Release|x64
		Release|x86 = Release|x86
	EndGlobalSection
	GlobalSection(SolutionProperties) = preSolution
		HideSolutionNode = FALSE
	EndGlobalSection
	GlobalSection(ProjectConfigurationPlatforms) = postSolution
		{D5332513-8F67-430B-8748-62BEE811F665}.Debug|Any CPU.ActiveCfg = Debug|Any CPU
		{D5332513-8F67-430B-8748-62BEE811F665}.Debug|Any CPU.Build.0 = Debug|Any CPU
		{D5332513-8F67-430B-8748-62BEE811F665}.Debug|x64.ActiveCfg = Debug|Any CPU
		{D5332513-8F67-430B-8748-62BEE811F665}.Debug|x64.Build.0 = Debug|Any CPU
		{D5332513-8F67-430B-8748-62BEE811F665}.Debug|x86.ActiveCfg = Debug|Any CPU
		{D5332513-8F67-430B-8748-62BEE811F665}.Debug|x86.Build.0 = Debug|Any CPU
		{D5332513-8F67-430B-8748-62BEE811F665}.Release|Any CPU.ActiveCfg = Release|Any CPU
		{D5332513-8F67-430B-8748-62BEE811F665}.Release|Any CPU.Build.0 = Release|Any CPU
		{D5332513-8F67-430B-8748-62BEE811F665}.Release|x64.ActiveCfg = Release|Any CPU
		{D5332513-8F67-430B-8748-62BEE811F665}.Release|x64.Build.0 = Release|Any CPU
		{D5332513-8F67-430B-8748-62BEE811F665}.Release|x86.ActiveCfg = Release|Any CPU
		{D5332513-8F67-430B-8748-62BEE811F665}.Release|x86.Build.0 = Release|Any CPU
		{98F9882D-B190-407A-AE10-7F95E5B71D50}.Debug|Any CPU.ActiveCfg = Debug|Any CPU
		{98F9882D-B190-407A-AE10-7F95E5B71D50}.Debug|Any CPU.Build.0 = Debug|Any CPU
		{98F9882D-B190-407A-AE10-7F95E5B71D50}.Debug|x64.ActiveCfg = Debug|Any CPU
		{98F9882D-B190-407A-AE10-7F95E5B71D50}.Debug|x64.Build.0 = Debug|Any CPU
		{98F9882D-B190-407A-AE10-7F95E5B71D50}.Debug|x86.ActiveCfg = Debug|Any CPU
		{98F9882D-B190-407A-AE10-7F95E5B71D50}.Debug|x86.Build.0 = Debug|Any CPU
		{98F9882D-B190-407A-AE10-7F95E5B71D50}.Release|Any CPU.ActiveCfg = Release|Any CPU
		{98F9882D-B190-407A-AE10-7F95E5B71D50}.Release|Any CPU.Build.0 = Release|Any CPU
		{98F9882D-B190-407A-AE10-7F95E5B71D50}.Release|x64.ActiveCfg = Release|Any CPU
		{98F9882D-B190-407A-AE10-7F95E5B71D50}.Release|x64.Build.0 = Release|Any CPU
		{98F9882D-B190-407A-AE10-7F95E5B71D50}.Release|x86.ActiveCfg = Release|Any CPU
		{98F9882D-B190-407A-AE10-7F95E5B71D50}.Release|x86.Build.0 = Release|Any CPU
		{9B16793E-7B28-427E-BC32-37F79D8C3319}.Debug|Any CPU.ActiveCfg = Debug|Any CPU
		{9B16793E-7B28-427E-BC32-37F79D8C3319}.Debug|Any CPU.Build.0 = Debug|Any CPU
		{9B16793E-7B28-427E-BC32-37F79D8C3319}.Debug|x64.ActiveCfg = Debug|Any CPU
		{9B16793E-7B28-427E-BC32-37F79D8C3319}.Debug|x64.Build.0 = Debug|Any CPU
		{9B16793E-7B28-427E-BC32-37F79D8C3319}.Debug|x86.ActiveCfg = Debug|Any CPU
		{9B16793E-7B28-427E-BC32-37F79D8C3319}.Debug|x86.Build.0 = Debug|Any CPU
		{9B16793E-7B28-427E-BC32-37F79D8C3319}.Release|Any CPU.ActiveCfg = Release|Any CPU
		{9B16793E-7B28-427E-BC32-37F79D8C3319}.Release|Any CPU.Build.0 = Release|Any CPU
		{9B16793E-7B28-427E-BC32-37F79D8C3319}.Release|x64.ActiveCfg = Release|Any CPU
		{9B16793E-7B28-427E-BC32-37F79D8C3319}.Release|x64.Build.0 = Release|Any CPU
		{9B16793E-7B28-427E-BC32-37F79D8C3319}.Release|x86.ActiveCfg = Release|Any CPU
		{9B16793E-7B28-427E-BC32-37F79D8C3319}.Release|x86.Build.0 = Release|Any CPU
		{9A665AE3-6B82-4999-B588-A39EA12F9473}.Debug|Any CPU.ActiveCfg = Debug|Any CPU
		{9A665AE3-6B82-4999-B588-A39EA12F9473}.Debug|Any CPU.Build.0 = Debug|Any CPU
		{9A665AE3-6B82-4999-B588-A39EA12F9473}.Debug|x64.ActiveCfg = Debug|Any CPU
		{9A665AE3-6B82-4999-B588-A39EA12F9473}.Debug|x64.Build.0 = Debug|Any CPU
		{9A665AE3-6B82-4999-B588-A39EA12F9473}.Debug|x86.ActiveCfg = Debug|Any CPU
		{9A665AE3-6B82-4999-B588-A39EA12F9473}.Debug|x86.Build.0 = Debug|Any CPU
		{9A665AE3-6B82-4999-B588-A39EA12F9473}.Release|Any CPU.ActiveCfg = Release|Any CPU
		{9A665AE3-6B82-4999-B588-A39EA12F9473}.Release|Any CPU.Build.0 = Release|Any CPU
		{9A665AE3-6B82-4999-B588-A39EA12F9473}.Release|x64.ActiveCfg = Release|Any CPU
		{9A665AE3-6B82-4999-B588-A39EA12F9473}.Release|x64.Build.0 = Release|Any CPU
		{9A665AE3-6B82-4999-B588-A39EA12F9473}.Release|x86.ActiveCfg = Release|Any CPU
		{9A665AE3-6B82-4999-B588-A39EA12F9473}.Release|x86.Build.0 = Release|Any CPU
		{7887E81A-8B9C-4662-8379-29298AEB0D35}.Debug|Any CPU.ActiveCfg = Debug|Any CPU
		{7887E81A-8B9C-4662-8379-29298AEB0D35}.Debug|Any CPU.Build.0 = Debug|Any CPU
		{7887E81A-8B9C-4662-8379-29298AEB0D35}.Debug|x64.ActiveCfg = Debug|Any CPU
		{7887E81A-8B9C-4662-8379-29298AEB0D35}.Debug|x64.Build.0 = Debug|Any CPU
		{7887E81A-8B9C-4662-8379-29298AEB0D35}.Debug|x86.ActiveCfg = Debug|Any CPU
		{7887E81A-8B9C-4662-8379-29298AEB0D35}.Debug|x86.Build.0 = Debug|Any CPU
		{7887E81A-8B9C-4662-8379-29298AEB0D35}.Release|Any CPU.ActiveCfg = Release|Any CPU
		{7887E81A-8B9C-4662-8379-29298AEB0D35}.Release|Any CPU.Build.0 = Release|Any CPU
		{7887E81A-8B9C-4662-8379-29298AEB0D35}.Release|x64.ActiveCfg = Release|Any CPU
		{7887E81A-8B9C-4662-8379-29298AEB0D35}.Release|x64.Build.0 = Release|Any CPU
		{7887E81A-8B9C-4662-8379-29298AEB0D35}.Release|x86.ActiveCfg = Release|Any CPU
		{7887E81A-8B9C-4662-8379-29298AEB0D35}.Release|x86.Build.0 = Release|Any CPU
		{8D0B4430-D274-4F07-8F2B-94CCE0AE77B4}.Debug|Any CPU.ActiveCfg = Debug|Any CPU
		{8D0B4430-D274-4F07-8F2B-94CCE0AE77B4}.Debug|Any CPU.Build.0 = Debug|Any CPU
		{8D0B4430-D274-4F07-8F2B-94CCE0AE77B4}.Debug|x64.ActiveCfg = Debug|Any CPU
		{8D0B4430-D274-4F07-8F2B-94CCE0AE77B4}.Debug|x64.Build.0 = Debug|Any CPU
		{8D0B4430-D274-4F07-8F2B-94CCE0AE77B4}.Debug|x86.ActiveCfg = Debug|Any CPU
		{8D0B4430-D274-4F07-8F2B-94CCE0AE77B4}.Debug|x86.Build.0 = Debug|Any CPU
		{8D0B4430-D274-4F07-8F2B-94CCE0AE77B4}.Release|Any CPU.ActiveCfg = Release|Any CPU
		{8D0B4430-D274-4F07-8F2B-94CCE0AE77B4}.Release|Any CPU.Build.0 = Release|Any CPU
		{8D0B4430-D274-4F07-8F2B-94CCE0AE77B4}.Release|x64.ActiveCfg = Release|Any CPU
		{8D0B4430-D274-4F07-8F2B-94CCE0AE77B4}.Release|x64.Build.0 = Release|Any CPU
		{8D0B4430-D274-4F07-8F2B-94CCE0AE77B4}.Release|x86.ActiveCfg = Release|Any CPU
		{8D0B4430-D274-4F07-8F2B-94CCE0AE77B4}.Release|x86.Build.0 = Release|Any CPU
		{53438D12-1732-43C3-8DFC-FDC59B0A58B0}.Debug|Any CPU.ActiveCfg = Debug|Any CPU
		{53438D12-1732-43C3-8DFC-FDC59B0A58B0}.Debug|Any CPU.Build.0 = Debug|Any CPU
		{53438D12-1732-43C3-8DFC-FDC59B0A58B0}.Debug|x64.ActiveCfg = Debug|Any CPU
		{53438D12-1732-43C3-8DFC-FDC59B0A58B0}.Debug|x64.Build.0 = Debug|Any CPU
		{53438D12-1732-43C3-8DFC-FDC59B0A58B0}.Debug|x86.ActiveCfg = Debug|Any CPU
		{53438D12-1732-43C3-8DFC-FDC59B0A58B0}.Debug|x86.Build.0 = Debug|Any CPU
		{53438D12-1732-43C3-8DFC-FDC59B0A58B0}.Release|Any CPU.ActiveCfg = Release|Any CPU
		{53438D12-1732-43C3-8DFC-FDC59B0A58B0}.Release|Any CPU.Build.0 = Release|Any CPU
		{53438D12-1732-43C3-8DFC-FDC59B0A58B0}.Release|x64.ActiveCfg = Release|Any CPU
		{53438D12-1732-43C3-8DFC-FDC59B0A58B0}.Release|x64.Build.0 = Release|Any CPU
		{53438D12-1732-43C3-8DFC-FDC59B0A58B0}.Release|x86.ActiveCfg = Release|Any CPU
		{53438D12-1732-43C3-8DFC-FDC59B0A58B0}.Release|x86.Build.0 = Release|Any CPU
		{31B21794-6753-4828-BC86-7E315E96DF34}.Debug|Any CPU.ActiveCfg = Debug|Any CPU
		{31B21794-6753-4828-BC86-7E315E96DF34}.Debug|Any CPU.Build.0 = Debug|Any CPU
		{31B21794-6753-4828-BC86-7E315E96DF34}.Debug|x64.ActiveCfg = Debug|Any CPU
		{31B21794-6753-4828-BC86-7E315E96DF34}.Debug|x64.Build.0 = Debug|Any CPU
		{31B21794-6753-4828-BC86-7E315E96DF34}.Debug|x86.ActiveCfg = Debug|Any CPU
		{31B21794-6753-4828-BC86-7E315E96DF34}.Debug|x86.Build.0 = Debug|Any CPU
		{31B21794-6753-4828-BC86-7E315E96DF34}.Release|Any CPU.ActiveCfg = Release|Any CPU
		{31B21794-6753-4828-BC86-7E315E96DF34}.Release|Any CPU.Build.0 = Release|Any CPU
		{31B21794-6753-4828-BC86-7E315E96DF34}.Release|x64.ActiveCfg = Release|Any CPU
		{31B21794-6753-4828-BC86-7E315E96DF34}.Release|x64.Build.0 = Release|Any CPU
		{31B21794-6753-4828-BC86-7E315E96DF34}.Release|x86.ActiveCfg = Release|Any CPU
		{31B21794-6753-4828-BC86-7E315E96DF34}.Release|x86.Build.0 = Release|Any CPU
		{55D64186-DFF6-4B8F-B172-CA677816EBFE}.Debug|Any CPU.ActiveCfg = Debug|Any CPU
		{55D64186-DFF6-4B8F-B172-CA677816EBFE}.Debug|Any CPU.Build.0 = Debug|Any CPU
		{55D64186-DFF6-4B8F-B172-CA677816EBFE}.Debug|x64.ActiveCfg = Debug|Any CPU
		{55D64186-DFF6-4B8F-B172-CA677816EBFE}.Debug|x64.Build.0 = Debug|Any CPU
		{55D64186-DFF6-4B8F-B172-CA677816EBFE}.Debug|x86.ActiveCfg = Debug|Any CPU
		{55D64186-DFF6-4B8F-B172-CA677816EBFE}.Debug|x86.Build.0 = Debug|Any CPU
		{55D64186-DFF6-4B8F-B172-CA677816EBFE}.Release|Any CPU.ActiveCfg = Release|Any CPU
		{55D64186-DFF6-4B8F-B172-CA677816EBFE}.Release|Any CPU.Build.0 = Release|Any CPU
		{55D64186-DFF6-4B8F-B172-CA677816EBFE}.Release|x64.ActiveCfg = Release|Any CPU
		{55D64186-DFF6-4B8F-B172-CA677816EBFE}.Release|x64.Build.0 = Release|Any CPU
		{55D64186-DFF6-4B8F-B172-CA677816EBFE}.Release|x86.ActiveCfg = Release|Any CPU
		{55D64186-DFF6-4B8F-B172-CA677816EBFE}.Release|x86.Build.0 = Release|Any CPU
	EndGlobalSection
	GlobalSection(NestedProjects) = preSolution
		{D5332513-8F67-430B-8748-62BEE811F665} = {4DCE249E-1A37-4679-B1A0-7E6A9BCD373D}
		{98F9882D-B190-407A-AE10-7F95E5B71D50} = {4DCE249E-1A37-4679-B1A0-7E6A9BCD373D}
		{9B16793E-7B28-427E-BC32-37F79D8C3319} = {4DCE249E-1A37-4679-B1A0-7E6A9BCD373D}
		{9A665AE3-6B82-4999-B588-A39EA12F9473} = {4DCE249E-1A37-4679-B1A0-7E6A9BCD373D}
		{7887E81A-8B9C-4662-8379-29298AEB0D35} = {4DCE249E-1A37-4679-B1A0-7E6A9BCD373D}
		{8D0B4430-D274-4F07-8F2B-94CCE0AE77B4} = {4DCE249E-1A37-4679-B1A0-7E6A9BCD373D}
		{53438D12-1732-43C3-8DFC-FDC59B0A58B0} = {4DCE249E-1A37-4679-B1A0-7E6A9BCD373D}
		{31B21794-6753-4828-BC86-7E315E96DF34} = {4DCE249E-1A37-4679-B1A0-7E6A9BCD373D}
		{55D64186-DFF6-4B8F-B172-CA677816EBFE} = {4DCE249E-1A37-4679-B1A0-7E6A9BCD373D}
	EndGlobalSection
EndGlobal
